
Microsoft Visual Studio Solution File, Format Version 12.00
# Visual Studio 2012
Project("{FAE04EC0-301F-11D3-BF4B-00C04F79EFBC}") = "jokenpo", "jokenpo\jokenpo.csproj", "{78D08EFC-F73C-48FD-A804-8F3D97B207A9}"
EndProject
Project("{FAE04EC0-301F-11D3-BF4B-00C04F79EFBC}") = "jokenpo.test", "jokenpo.test\jokenpo.test.csproj", "{8BABD36C-1464-4A3C-8BBA-E192B6E507D4}"
EndProject
Global
	GlobalSection(SolutionConfigurationPlatforms) = preSolution
		Debug|Any CPU = Debug|Any CPU
		Release|Any CPU = Release|Any CPU
	EndGlobalSection
	GlobalSection(ProjectConfigurationPlatforms) = postSolution
		{78D08EFC-F73C-48FD-A804-8F3D97B207A9}.Debug|Any CPU.ActiveCfg = Debug|Any CPU
		{78D08EFC-F73C-48FD-A804-8F3D97B207A9}.Debug|Any CPU.Build.0 = Debug|Any CPU
		{78D08EFC-F73C-48FD-A804-8F3D97B207A9}.Release|Any CPU.ActiveCfg = Release|Any CPU
		{78D08EFC-F73C-48FD-A804-8F3D97B207A9}.Release|Any CPU.Build.0 = Release|Any CPU
		{8BABD36C-1464-4A3C-8BBA-E192B6E507D4}.Debug|Any CPU.ActiveCfg = Debug|Any CPU
		{8BABD36C-1464-4A3C-8BBA-E192B6E507D4}.Debug|Any CPU.Build.0 = Debug|Any CPU
		{8BABD36C-1464-4A3C-8BBA-E192B6E507D4}.Release|Any CPU.ActiveCfg = Release|Any CPU
		{8BABD36C-1464-4A3C-8BBA-E192B6E507D4}.Release|Any CPU.Build.0 = Release|Any CPU
	EndGlobalSection
	GlobalSection(SolutionProperties) = preSolution
		HideSolutionNode = FALSE
	EndGlobalSection
EndGlobal
